// !$*UTF8*$!
{
	archiveVersion = 1;
	classes = {
	};
	objectVersion = 56;
	objects = {

/* Begin PBXBuildFile section */
		513017A32AB8A0420044D8DD /* MainApp.swift in Sources */ = {isa = PBXBuildFile; fileRef = 513017A22AB8A0420044D8DD /* MainApp.swift */; };
		513017A72AB8A0430044D8DD /* Assets.xcassets in Resources */ = {isa = PBXBuildFile; fileRef = 513017A62AB8A0430044D8DD /* Assets.xcassets */; };
		513017AA2AB8A0430044D8DD /* Preview Assets.xcassets in Resources */ = {isa = PBXBuildFile; fileRef = 513017A92AB8A0430044D8DD /* Preview Assets.xcassets */; };
		513017B92AB8A2CC0044D8DD /* ImageSliderView.swift in Sources */ = {isa = PBXBuildFile; fileRef = 513017B82AB8A2CC0044D8DD /* ImageSliderView.swift */; };
		513017BF2AB8A3410044D8DD /* ValidationBlock.swift in Sources */ = {isa = PBXBuildFile; fileRef = 513017BE2AB8A3410044D8DD /* ValidationBlock.swift */; };
		513017C12AB8A35C0044D8DD /* ValidationTelephone.swift in Sources */ = {isa = PBXBuildFile; fileRef = 513017C02AB8A35C0044D8DD /* ValidationTelephone.swift */; };
		513017C42AB8A3AC0044D8DD /* AppCoordinator.swift in Sources */ = {isa = PBXBuildFile; fileRef = 513017C32AB8A3AC0044D8DD /* AppCoordinator.swift */; };
		513017CA2AB8A4390044D8DD /* HotelData.swift in Sources */ = {isa = PBXBuildFile; fileRef = 513017C92AB8A4390044D8DD /* HotelData.swift */; };
		513017CE2AB8A47C0044D8DD /* BookingViewModel.swift in Sources */ = {isa = PBXBuildFile; fileRef = 513017CD2AB8A47C0044D8DD /* BookingViewModel.swift */; };
		513017D22AB8A4DB0044D8DD /* HotelViewModel.swift in Sources */ = {isa = PBXBuildFile; fileRef = 513017D12AB8A4DB0044D8DD /* HotelViewModel.swift */; };
		513017D42AB8A5030044D8DD /* RoomDataViewModel.swift in Sources */ = {isa = PBXBuildFile; fileRef = 513017D32AB8A5030044D8DD /* RoomDataViewModel.swift */; };
		513017D62AB8A5340044D8DD /* BookingView.swift in Sources */ = {isa = PBXBuildFile; fileRef = 513017D52AB8A5340044D8DD /* BookingView.swift */; };
		513017D82AB8A5510044D8DD /* HotelView.swift in Sources */ = {isa = PBXBuildFile; fileRef = 513017D72AB8A5510044D8DD /* HotelView.swift */; };
		513017DA2AB8A56D0044D8DD /* RoomListView.swift in Sources */ = {isa = PBXBuildFile; fileRef = 513017D92AB8A56D0044D8DD /* RoomListView.swift */; };
		513017DC2AB8A5890044D8DD /* PaymentConfirmationView.swift in Sources */ = {isa = PBXBuildFile; fileRef = 513017DB2AB8A5890044D8DD /* PaymentConfirmationView.swift */; };
		513017DE2AB8A5A10044D8DD /* RoomDetailView.swift in Sources */ = {isa = PBXBuildFile; fileRef = 513017DD2AB8A5A10044D8DD /* RoomDetailView.swift */; };
		513017EA2AB93BAB0044D8DD /* TouristInfoViewe.swift in Sources */ = {isa = PBXBuildFile; fileRef = 513017E92AB93BAB0044D8DD /* TouristInfoViewe.swift */; };
		513017EC2AB93BE80044D8DD /* TouristEntryTabView.swift in Sources */ = {isa = PBXBuildFile; fileRef = 513017EB2AB93BE80044D8DD /* TouristEntryTabView.swift */; };
		513017EE2AB93CCF0044D8DD /* LabeledInputFieldView.swift in Sources */ = {isa = PBXBuildFile; fileRef = 513017ED2AB93CCF0044D8DD /* LabeledInputFieldView.swift */; };
		513017F02AB93D8E0044D8DD /* AboutTheHotel.swift in Sources */ = {isa = PBXBuildFile; fileRef = 513017EF2AB93D8E0044D8DD /* AboutTheHotel.swift */; };
		513017F22AB93DAD0044D8DD /* RoomData.swift in Sources */ = {isa = PBXBuildFile; fileRef = 513017F12AB93DAD0044D8DD /* RoomData.swift */; };
		513017F42AB93DD10044D8DD /* BookingData.swift in Sources */ = {isa = PBXBuildFile; fileRef = 513017F32AB93DD10044D8DD /* BookingData.swift */; };
		513017F62AB93DF10044D8DD /* Tourist.swift in Sources */ = {isa = PBXBuildFile; fileRef = 513017F52AB93DF10044D8DD /* Tourist.swift */; };
/* End PBXBuildFile section */

/* Begin PBXFileReference section */
		5130179F2AB8A0420044D8DD /* Ggg.app */ = {isa = PBXFileReference; explicitFileType = wrapper.application; includeInIndex = 0; path = Ggg.app; sourceTree = BUILT_PRODUCTS_DIR; };
		513017A22AB8A0420044D8DD /* MainApp.swift */ = {isa = PBXFileReference; lastKnownFileType = sourcecode.swift; path = MainApp.swift; sourceTree = "<group>"; };
		513017A62AB8A0430044D8DD /* Assets.xcassets */ = {isa = PBXFileReference; lastKnownFileType = folder.assetcatalog; path = Assets.xcassets; sourceTree = "<group>"; };
		513017A92AB8A0430044D8DD /* Preview Assets.xcassets */ = {isa = PBXFileReference; lastKnownFileType = folder.assetcatalog; path = "Preview Assets.xcassets"; sourceTree = "<group>"; };
		513017B82AB8A2CC0044D8DD /* ImageSliderView.swift */ = {isa = PBXFileReference; lastKnownFileType = sourcecode.swift; path = ImageSliderView.swift; sourceTree = "<group>"; };
		513017BE2AB8A3410044D8DD /* ValidationBlock.swift */ = {isa = PBXFileReference; lastKnownFileType = sourcecode.swift; path = ValidationBlock.swift; sourceTree = "<group>"; };
		513017C02AB8A35C0044D8DD /* ValidationTelephone.swift */ = {isa = PBXFileReference; lastKnownFileType = sourcecode.swift; path = ValidationTelephone.swift; sourceTree = "<group>"; };
		513017C32AB8A3AC0044D8DD /* AppCoordinator.swift */ = {isa = PBXFileReference; lastKnownFileType = sourcecode.swift; path = AppCoordinator.swift; sourceTree = "<group>"; };
		513017C92AB8A4390044D8DD /* HotelData.swift */ = {isa = PBXFileReference; lastKnownFileType = sourcecode.swift; path = HotelData.swift; sourceTree = "<group>"; };
		513017CD2AB8A47C0044D8DD /* BookingViewModel.swift */ = {isa = PBXFileReference; lastKnownFileType = sourcecode.swift; path = BookingViewModel.swift; sourceTree = "<group>"; };
		513017D12AB8A4DB0044D8DD /* HotelViewModel.swift */ = {isa = PBXFileReference; lastKnownFileType = sourcecode.swift; path = HotelViewModel.swift; sourceTree = "<group>"; };
		513017D32AB8A5030044D8DD /* RoomDataViewModel.swift */ = {isa = PBXFileReference; lastKnownFileType = sourcecode.swift; path = RoomDataViewModel.swift; sourceTree = "<group>"; };
		513017D52AB8A5340044D8DD /* BookingView.swift */ = {isa = PBXFileReference; lastKnownFileType = sourcecode.swift; path = BookingView.swift; sourceTree = "<group>"; };
		513017D72AB8A5510044D8DD /* HotelView.swift */ = {isa = PBXFileReference; lastKnownFileType = sourcecode.swift; path = HotelView.swift; sourceTree = "<group>"; };
		513017D92AB8A56D0044D8DD /* RoomListView.swift */ = {isa = PBXFileReference; lastKnownFileType = sourcecode.swift; path = RoomListView.swift; sourceTree = "<group>"; };
		513017DB2AB8A5890044D8DD /* PaymentConfirmationView.swift */ = {isa = PBXFileReference; lastKnownFileType = sourcecode.swift; path = PaymentConfirmationView.swift; sourceTree = "<group>"; };
		513017DD2AB8A5A10044D8DD /* RoomDetailView.swift */ = {isa = PBXFileReference; lastKnownFileType = sourcecode.swift; path = RoomDetailView.swift; sourceTree = "<group>"; };
		513017E92AB93BAB0044D8DD /* TouristInfoViewe.swift */ = {isa = PBXFileReference; lastKnownFileType = sourcecode.swift; path = TouristInfoViewe.swift; sourceTree = "<group>"; };
		513017EB2AB93BE80044D8DD /* TouristEntryTabView.swift */ = {isa = PBXFileReference; lastKnownFileType = sourcecode.swift; path = TouristEntryTabView.swift; sourceTree = "<group>"; };
		513017ED2AB93CCF0044D8DD /* LabeledInputFieldView.swift */ = {isa = PBXFileReference; lastKnownFileType = sourcecode.swift; path = LabeledInputFieldView.swift; sourceTree = "<group>"; };
		513017EF2AB93D8E0044D8DD /* AboutTheHotel.swift */ = {isa = PBXFileReference; lastKnownFileType = sourcecode.swift; path = AboutTheHotel.swift; sourceTree = "<group>"; };
		513017F12AB93DAD0044D8DD /* RoomData.swift */ = {isa = PBXFileReference; lastKnownFileType = sourcecode.swift; path = RoomData.swift; sourceTree = "<group>"; };
		513017F32AB93DD10044D8DD /* BookingData.swift */ = {isa = PBXFileReference; lastKnownFileType = sourcecode.swift; path = BookingData.swift; sourceTree = "<group>"; };
		513017F52AB93DF10044D8DD /* Tourist.swift */ = {isa = PBXFileReference; lastKnownFileType = sourcecode.swift; path = Tourist.swift; sourceTree = "<group>"; };
/* End PBXFileReference section */

/* Begin PBXFrameworksBuildPhase section */
		5130179C2AB8A0420044D8DD /* Frameworks */ = {
			isa = PBXFrameworksBuildPhase;
			buildActionMask = 2147483647;
			files = (
			);
			runOnlyForDeploymentPostprocessing = 0;
		};
/* End PBXFrameworksBuildPhase section */

/* Begin PBXGroup section */
		513017962AB8A0420044D8DD = {
			isa = PBXGroup;
			children = (
				513017A12AB8A0420044D8DD /* Ggg */,
				513017A02AB8A0420044D8DD /* Products */,
			);
			sourceTree = "<group>";
		};
		513017A02AB8A0420044D8DD /* Products */ = {
			isa = PBXGroup;
			children = (
				5130179F2AB8A0420044D8DD /* Ggg.app */,
			);
			name = Products;
			sourceTree = "<group>";
		};
		513017A12AB8A0420044D8DD /* Ggg */ = {
			isa = PBXGroup;
			children = (
				513017A22AB8A0420044D8DD /* MainApp.swift */,
				513017B02AB8A07E0044D8DD /* Models */,
				513017B12AB8A1250044D8DD /* Views */,
				513017B22AB8A1340044D8DD /* ViewModels */,
				513017C22AB8A3930044D8DD /* Coordinators */,
				513017A62AB8A0430044D8DD /* Assets.xcassets */,
				513017A82AB8A0430044D8DD /* Preview Content */,
			);
			path = Ggg;
			sourceTree = "<group>";
		};
		513017A82AB8A0430044D8DD /* Preview Content */ = {
			isa = PBXGroup;
			children = (
				513017A92AB8A0430044D8DD /* Preview Assets.xcassets */,
			);
			path = "Preview Content";
			sourceTree = "<group>";
		};
		513017B02AB8A07E0044D8DD /* Models */ = {
			isa = PBXGroup;
			children = (
				513017C92AB8A4390044D8DD /* HotelData.swift */,
				513017EF2AB93D8E0044D8DD /* AboutTheHotel.swift */,
				513017F12AB93DAD0044D8DD /* RoomData.swift */,
				513017F32AB93DD10044D8DD /* BookingData.swift */,
				513017F52AB93DF10044D8DD /* Tourist.swift */,
			);
			path = Models;
			sourceTree = "<group>";
		};
		513017B12AB8A1250044D8DD /* Views */ = {
			isa = PBXGroup;
			children = (
				513017B32AB8A1B10044D8DD /* Components */,
				513017D52AB8A5340044D8DD /* BookingView.swift */,
				513017D72AB8A5510044D8DD /* HotelView.swift */,
				513017D92AB8A56D0044D8DD /* RoomListView.swift */,
				513017DB2AB8A5890044D8DD /* PaymentConfirmationView.swift */,
				513017DD2AB8A5A10044D8DD /* RoomDetailView.swift */,
				513017E92AB93BAB0044D8DD /* TouristInfoViewe.swift */,
				513017EB2AB93BE80044D8DD /* TouristEntryTabView.swift */,
			);
			path = Views;
			sourceTree = "<group>";
		};
		513017B22AB8A1340044D8DD /* ViewModels */ = {
			isa = PBXGroup;
			children = (
				513017CD2AB8A47C0044D8DD /* BookingViewModel.swift */,
				513017D12AB8A4DB0044D8DD /* HotelViewModel.swift */,
				513017D32AB8A5030044D8DD /* RoomDataViewModel.swift */,
			);
			path = ViewModels;
			sourceTree = "<group>";
		};
		513017B32AB8A1B10044D8DD /* Components */ = {
			isa = PBXGroup;
			children = (
				513017B82AB8A2CC0044D8DD /* ImageSliderView.swift */,
				513017BE2AB8A3410044D8DD /* ValidationBlock.swift */,
				513017C02AB8A35C0044D8DD /* ValidationTelephone.swift */,
				513017ED2AB93CCF0044D8DD /* LabeledInputFieldView.swift */,
			);
			path = Components;
			sourceTree = "<group>";
		};
		513017C22AB8A3930044D8DD /* Coordinators */ = {
			isa = PBXGroup;
			children = (
				513017C32AB8A3AC0044D8DD /* AppCoordinator.swift */,
			);
			path = Coordinators;
			sourceTree = "<group>";
		};
/* End PBXGroup section */

/* Begin PBXNativeTarget section */
		5130179E2AB8A0420044D8DD /* Ggg */ = {
			isa = PBXNativeTarget;
			buildConfigurationList = 513017AD2AB8A0430044D8DD /* Build configuration list for PBXNativeTarget "Ggg" */;
			buildPhases = (
				5130179B2AB8A0420044D8DD /* Sources */,
				5130179C2AB8A0420044D8DD /* Frameworks */,
				5130179D2AB8A0420044D8DD /* Resources */,
			);
			buildRules = (
			);
			dependencies = (
			);
			name = Ggg;
			productName = Ggg;
			productReference = 5130179F2AB8A0420044D8DD /* Ggg.app */;
			productType = "com.apple.product-type.application";
		};
/* End PBXNativeTarget section */

/* Begin PBXProject section */
		513017972AB8A0420044D8DD /* Project object */ = {
			isa = PBXProject;
			attributes = {
				BuildIndependentTargetsInParallel = 1;
				LastSwiftUpdateCheck = 1430;
				LastUpgradeCheck = 1430;
				TargetAttributes = {
					5130179E2AB8A0420044D8DD = {
						CreatedOnToolsVersion = 14.3.1;
					};
				};
			};
			buildConfigurationList = 5130179A2AB8A0420044D8DD /* Build configuration list for PBXProject "Ggg" */;
			compatibilityVersion = "Xcode 14.0";
			developmentRegion = en;
			hasScannedForEncodings = 0;
			knownRegions = (
				en,
				Base,
			);
			mainGroup = 513017962AB8A0420044D8DD;
			productRefGroup = 513017A02AB8A0420044D8DD /* Products */;
			projectDirPath = "";
			projectRoot = "";
			targets = (
				5130179E2AB8A0420044D8DD /* Ggg */,
			);
		};
/* End PBXProject section */

/* Begin PBXResourcesBuildPhase section */
		5130179D2AB8A0420044D8DD /* Resources */ = {
			isa = PBXResourcesBuildPhase;
			buildActionMask = 2147483647;
			files = (
				513017AA2AB8A0430044D8DD /* Preview Assets.xcassets in Resources */,
				513017A72AB8A0430044D8DD /* Assets.xcassets in Resources */,
			);
			runOnlyForDeploymentPostprocessing = 0;
		};
/* End PBXResourcesBuildPhase section */

/* Begin PBXSourcesBuildPhase section */
		5130179B2AB8A0420044D8DD /* Sources */ = {
			isa = PBXSourcesBuildPhase;
			buildActionMask = 2147483647;
			files = (
				513017DE2AB8A5A10044D8DD /* RoomDetailView.swift in Sources */,
				513017CE2AB8A47C0044D8DD /* BookingViewModel.swift in Sources */,
				513017D42AB8A5030044D8DD /* RoomDataViewModel.swift in Sources */,
				513017C42AB8A3AC0044D8DD /* AppCoordinator.swift in Sources */,
				513017F22AB93DAD0044D8DD /* RoomData.swift in Sources */,
				513017CA2AB8A4390044D8DD /* HotelData.swift in Sources */,
				513017C12AB8A35C0044D8DD /* ValidationTelephone.swift in Sources */,
				513017DC2AB8A5890044D8DD /* PaymentConfirmationView.swift in Sources */,
				513017EA2AB93BAB0044D8DD /* TouristInfoViewe.swift in Sources */,
				513017EE2AB93CCF0044D8DD /* LabeledInputFieldView.swift in Sources */,
				513017D22AB8A4DB0044D8DD /* HotelViewModel.swift in Sources */,
				513017A32AB8A0420044D8DD /* MainApp.swift in Sources */,
				513017F42AB93DD10044D8DD /* BookingData.swift in Sources */,
				513017BF2AB8A3410044D8DD /* ValidationBlock.swift in Sources */,
				513017F02AB93D8E0044D8DD /* AboutTheHotel.swift in Sources */,
				513017F62AB93DF10044D8DD /* Tourist.swift in Sources */,
				513017EC2AB93BE80044D8DD /* TouristEntryTabView.swift in Sources */,
				513017D82AB8A5510044D8DD /* HotelView.swift in Sources */,
				513017D62AB8A5340044D8DD /* BookingView.swift in Sources */,
				513017B92AB8A2CC0044D8DD /* ImageSliderView.swift in Sources */,
				513017DA2AB8A56D0044D8DD /* RoomListView.swift in Sources */,
			);
			runOnlyForDeploymentPostprocessing = 0;
		};
/* End PBXSourcesBuildPhase section */

/* Begin XCBuildConfiguration section */
		513017AB2AB8A0430044D8DD /* Debug */ = {
			isa = XCBuildConfiguration;
			buildSettings = {
				ALWAYS_SEARCH_USER_PATHS = NO;
				CLANG_ANALYZER_NONNULL = YES;
				CLANG_ANALYZER_NUMBER_OBJECT_CONVERSION = YES_AGGRESSIVE;
				CLANG_CXX_LANGUAGE_STANDARD = "gnu++20";
				CLANG_ENABLE_MODULES = YES;
				CLANG_ENABLE_OBJC_ARC = YES;
				CLANG_ENABLE_OBJC_WEAK = YES;
				CLANG_WARN_BLOCK_CAPTURE_AUTORELEASING = YES;
				CLANG_WARN_BOOL_CONVERSION = YES;
				CLANG_WARN_COMMA = YES;
				CLANG_WARN_CONSTANT_CONVERSION = YES;
				CLANG_WARN_DEPRECATED_OBJC_IMPLEMENTATIONS = YES;
				CLANG_WARN_DIRECT_OBJC_ISA_USAGE = YES_ERROR;
				CLANG_WARN_DOCUMENTATION_COMMENTS = YES;
				CLANG_WARN_EMPTY_BODY = YES;
				CLANG_WARN_ENUM_CONVERSION = YES;
				CLANG_WARN_INFINITE_RECURSION = YES;
				CLANG_WARN_INT_CONVERSION = YES;
				CLANG_WARN_NON_LITERAL_NULL_CONVERSION = YES;
				CLANG_WARN_OBJC_IMPLICIT_RETAIN_SELF = YES;
				CLANG_WARN_OBJC_LITERAL_CONVERSION = YES;
				CLANG_WARN_OBJC_ROOT_CLASS = YES_ERROR;
				CLANG_WARN_QUOTED_INCLUDE_IN_FRAMEWORK_HEADER = YES;
				CLANG_WARN_RANGE_LOOP_ANALYSIS = YES;
				CLANG_WARN_STRICT_PROTOTYPES = YES;
				CLANG_WARN_SUSPICIOUS_MOVE = YES;
				CLANG_WARN_UNGUARDED_AVAILABILITY = YES_AGGRESSIVE;
				CLANG_WARN_UNREACHABLE_CODE = YES;
				CLANG_WARN__DUPLICATE_METHOD_MATCH = YES;
				COPY_PHASE_STRIP = NO;
				DEBUG_INFORMATION_FORMAT = dwarf;
				ENABLE_STRICT_OBJC_MSGSEND = YES;
				ENABLE_TESTABILITY = YES;
				GCC_C_LANGUAGE_STANDARD = gnu11;
				GCC_DYNAMIC_NO_PIC = NO;
				GCC_NO_COMMON_BLOCKS = YES;
				GCC_OPTIMIZATION_LEVEL = 0;
				GCC_PREPROCESSOR_DEFINITIONS = (
					"DEBUG=1",
					"$(inherited)",
				);
				GCC_WARN_64_TO_32_BIT_CONVERSION = YES;
				GCC_WARN_ABOUT_RETURN_TYPE = YES_ERROR;
				GCC_WARN_UNDECLARED_SELECTOR = YES;
				GCC_WARN_UNINITIALIZED_AUTOS = YES_AGGRESSIVE;
				GCC_WARN_UNUSED_FUNCTION = YES;
				GCC_WARN_UNUSED_VARIABLE = YES;
				IPHONEOS_DEPLOYMENT_TARGET = 16.4;
				MTL_ENABLE_DEBUG_INFO = INCLUDE_SOURCE;
				MTL_FAST_MATH = YES;
				ONLY_ACTIVE_ARCH = YES;
				SDKROOT = iphoneos;
				SWIFT_ACTIVE_COMPILATION_CONDITIONS = DEBUG;
				SWIFT_OPTIMIZATION_LEVEL = "-Onone";
			};
			name = Debug;
		};
		513017AC2AB8A0430044D8DD /* Release */ = {
			isa = XCBuildConfiguration;
			buildSettings = {
				ALWAYS_SEARCH_USER_PATHS = NO;
				CLANG_ANALYZER_NONNULL = YES;
				CLANG_ANALYZER_NUMBER_OBJECT_CONVERSION = YES_AGGRESSIVE;
				CLANG_CXX_LANGUAGE_STANDARD = "gnu++20";
				CLANG_ENABLE_MODULES = YES;
				CLANG_ENABLE_OBJC_ARC = YES;
				CLANG_ENABLE_OBJC_WEAK = YES;
				CLANG_WARN_BLOCK_CAPTURE_AUTORELEASING = YES;
				CLANG_WARN_BOOL_CONVERSION = YES;
				CLANG_WARN_COMMA = YES;
				CLANG_WARN_CONSTANT_CONVERSION = YES;
				CLANG_WARN_DEPRECATED_OBJC_IMPLEMENTATIONS = YES;
				CLANG_WARN_DIRECT_OBJC_ISA_USAGE = YES_ERROR;
				CLANG_WARN_DOCUMENTATION_COMMENTS = YES;
				CLANG_WARN_EMPTY_BODY = YES;
				CLANG_WARN_ENUM_CONVERSION = YES;
				CLANG_WARN_INFINITE_RECURSION = YES;
				CLANG_WARN_INT_CONVERSION = YES;
				CLANG_WARN_NON_LITERAL_NULL_CONVERSION = YES;
				CLANG_WARN_OBJC_IMPLICIT_RETAIN_SELF = YES;
				CLANG_WARN_OBJC_LITERAL_CONVERSION = YES;
				CLANG_WARN_OBJC_ROOT_CLASS = YES_ERROR;
				CLANG_WARN_QUOTED_INCLUDE_IN_FRAMEWORK_HEADER = YES;
				CLANG_WARN_RANGE_LOOP_ANALYSIS = YES;
				CLANG_WARN_STRICT_PROTOTYPES = YES;
				CLANG_WARN_SUSPICIOUS_MOVE = YES;
				CLANG_WARN_UNGUARDED_AVAILABILITY = YES_AGGRESSIVE;
				CLANG_WARN_UNREACHABLE_CODE = YES;
				CLANG_WARN__DUPLICATE_METHOD_MATCH = YES;
				COPY_PHASE_STRIP = NO;
				DEBUG_INFORMATION_FORMAT = "dwarf-with-dsym";
				ENABLE_NS_ASSERTIONS = NO;
				ENABLE_STRICT_OBJC_MSGSEND = YES;
				GCC_C_LANGUAGE_STANDARD = gnu11;
				GCC_NO_COMMON_BLOCKS = YES;
				GCC_WARN_64_TO_32_BIT_CONVERSION = YES;
				GCC_WARN_ABOUT_RETURN_TYPE = YES_ERROR;
				GCC_WARN_UNDECLARED_SELECTOR = YES;
				GCC_WARN_UNINITIALIZED_AUTOS = YES_AGGRESSIVE;
				GCC_WARN_UNUSED_FUNCTION = YES;
				GCC_WARN_UNUSED_VARIABLE = YES;
				IPHONEOS_DEPLOYMENT_TARGET = 16.4;
				MTL_ENABLE_DEBUG_INFO = NO;
				MTL_FAST_MATH = YES;
				SDKROOT = iphoneos;
				SWIFT_COMPILATION_MODE = wholemodule;
				SWIFT_OPTIMIZATION_LEVEL = "-O";
				VALIDATE_PRODUCT = YES;
			};
			name = Release;
		};
		513017AE2AB8A0430044D8DD /* Debug */ = {
			isa = XCBuildConfiguration;
			buildSettings = {
				ASSETCATALOG_COMPILER_APPICON_NAME = AppIcon;
				ASSETCATALOG_COMPILER_GLOBAL_ACCENT_COLOR_NAME = AccentColor;
				CODE_SIGN_STYLE = Automatic;
				CURRENT_PROJECT_VERSION = 1;
				DEVELOPMENT_ASSET_PATHS = "\"Ggg/Preview Content\"";
				DEVELOPMENT_TEAM = S4PY6523PA;
				ENABLE_PREVIEWS = YES;
				GENERATE_INFOPLIST_FILE = YES;
				INFOPLIST_KEY_UIApplicationSceneManifest_Generation = YES;
				INFOPLIST_KEY_UIApplicationSupportsIndirectInputEvents = YES;
				INFOPLIST_KEY_UILaunchScreen_Generation = YES;
				INFOPLIST_KEY_UISupportedInterfaceOrientations_iPad = "UIInterfaceOrientationPortrait UIInterfaceOrientationPortraitUpsideDown UIInterfaceOrientationLandscapeLeft UIInterfaceOrientationLandscapeRight";
				INFOPLIST_KEY_UISupportedInterfaceOrientations_iPhone = "UIInterfaceOrientationPortrait UIInterfaceOrientationLandscapeLeft UIInterfaceOrientationLandscapeRight";
				LD_RUNPATH_SEARCH_PATHS = (
					"$(inherited)",
					"@executable_path/Frameworks",
				);
				MARKETING_VERSION = 1.0;
				PRODUCT_BUNDLE_IDENTIFIER = edu.marathon.hh.Ggg;
				PRODUCT_NAME = "$(TARGET_NAME)";
				SWIFT_EMIT_LOC_STRINGS = YES;
				SWIFT_VERSION = 5.0;
				TARGETED_DEVICE_FAMILY = "1,2";
			};
			name = Debug;
		};
		513017AF2AB8A0430044D8DD /* Release */ = {
			isa = XCBuildConfiguration;
			buildSettings = {
				ASSETCATALOG_COMPILER_APPICON_NAME = AppIcon;
				ASSETCATALOG_COMPILER_GLOBAL_ACCENT_COLOR_NAME = AccentColor;
				CODE_SIGN_STYLE = Automatic;
				CURRENT_PROJECT_VERSION = 1;
				DEVELOPMENT_ASSET_PATHS = "\"Ggg/Preview Content\"";
				DEVELOPMENT_TEAM = S4PY6523PA;
				ENABLE_PREVIEWS = YES;
				GENERATE_INFOPLIST_FILE = YES;
				INFOPLIST_KEY_UIApplicationSceneManifest_Generation = YES;
				INFOPLIST_KEY_UIApplicationSupportsIndirectInputEvents = YES;
				INFOPLIST_KEY_UILaunchScreen_Generation = YES;
				INFOPLIST_KEY_UISupportedInterfaceOrientations_iPad = "UIInterfaceOrientationPortrait UIInterfaceOrientationPortraitUpsideDown UIInterfaceOrientationLandscapeLeft UIInterfaceOrientationLandscapeRight";
				INFOPLIST_KEY_UISupportedInterfaceOrientations_iPhone = "UIInterfaceOrientationPortrait UIInterfaceOrientationLandscapeLeft UIInterfaceOrientationLandscapeRight";
				LD_RUNPATH_SEARCH_PATHS = (
					"$(inherited)",
					"@executable_path/Frameworks",
				);
				MARKETING_VERSION = 1.0;
				PRODUCT_BUNDLE_IDENTIFIER = edu.marathon.hh.Ggg;
				PRODUCT_NAME = "$(TARGET_NAME)";
				SWIFT_EMIT_LOC_STRINGS = YES;
				SWIFT_VERSION = 5.0;
				TARGETED_DEVICE_FAMILY = "1,2";
			};
			name = Release;
		};
/* End XCBuildConfiguration section */

/* Begin XCConfigurationList section */
		5130179A2AB8A0420044D8DD /* Build configuration list for PBXProject "Ggg" */ = {
			isa = XCConfigurationList;
			buildConfigurations = (
				513017AB2AB8A0430044D8DD /* Debug */,
				513017AC2AB8A0430044D8DD /* Release */,
			);
			defaultConfigurationIsVisible = 0;
			defaultConfigurationName = Release;
		};
		513017AD2AB8A0430044D8DD /* Build configuration list for PBXNativeTarget "Ggg" */ = {
			isa = XCConfigurationList;
			buildConfigurations = (
				513017AE2AB8A0430044D8DD /* Debug */,
				513017AF2AB8A0430044D8DD /* Release */,
			);
			defaultConfigurationIsVisible = 0;
			defaultConfigurationName = Release;
		};
/* End XCConfigurationList section */
	};
	rootObject = 513017972AB8A0420044D8DD /* Project object */;
}
